
Microsoft Visual Studio Solution File, Format Version 12.00
# Visual Studio Version 17
VisualStudioVersion = 17.3.32929.385
MinimumVisualStudioVersion = 10.0.40219.1
Project("{FAE04EC0-301F-11D3-BF4B-00C04F79EFBC}") = "WebApiDemo", "WebApiDemo\WebApiDemo.csproj", "{08966826-4768-4D3B-9D7C-85B49D6FE7F0}"
EndProject
Global
	GlobalSection(SolutionConfigurationPlatforms) = preSolution
		Debug|Any CPU = Debug|Any CPU
		Release|Any CPU = Release|Any CPU
	EndGlobalSection
	GlobalSection(ProjectConfigurationPlatforms) = postSolution
		{08966826-4768-4D3B-9D7C-85B49D6FE7F0}.Debug|Any CPU.ActiveCfg = Debug|Any CPU
		{08966826-4768-4D3B-9D7C-85B49D6FE7F0}.Debug|Any CPU.Build.0 = Debug|Any CPU
		{08966826-4768-4D3B-9D7C-85B49D6FE7F0}.Release|Any CPU.ActiveCfg = Release|Any CPU
		{08966826-4768-4D3B-9D7C-85B49D6FE7F0}.Release|Any CPU.Build.0 = Release|Any CPU
	EndGlobalSection
	GlobalSection(SolutionProperties) = preSolution
		HideSolutionNode = FALSE
	EndGlobalSection
	GlobalSection(ExtensibilityGlobals) = postSolution
		SolutionGuid = {740478E6-6290-4964-9835-963FA7DC565E}
	EndGlobalSection
EndGlobal
