
Microsoft Visual Studio Solution File, Format Version 12.00
# Visual Studio Version 17
VisualStudioVersion = 17.3.32929.385
MinimumVisualStudioVersion = 10.0.40219.1
Project("{FAE04EC0-301F-11D3-BF4B-00C04F79EFBC}") = "OperasWebSite", "OperasWebSite\OperasWebSite.csproj", "{DAEE7E5D-795F-47AB-9631-BF090AEF07BC}"
EndProject
Global
	GlobalSection(SolutionConfigurationPlatforms) = preSolution
		Debug|Any CPU = Debug|Any CPU
		Release|Any CPU = Release|Any CPU
	EndGlobalSection
	GlobalSection(ProjectConfigurationPlatforms) = postSolution
		{DAEE7E5D-795F-47AB-9631-BF090AEF07BC}.Debug|Any CPU.ActiveCfg = Debug|Any CPU
		{DAEE7E5D-795F-47AB-9631-BF090AEF07BC}.Debug|Any CPU.Build.0 = Debug|Any CPU
		{DAEE7E5D-795F-47AB-9631-BF090AEF07BC}.Release|Any CPU.ActiveCfg = Release|Any CPU
		{DAEE7E5D-795F-47AB-9631-BF090AEF07BC}.Release|Any CPU.Build.0 = Release|Any CPU
	EndGlobalSection
	GlobalSection(SolutionProperties) = preSolution
		HideSolutionNode = FALSE
	EndGlobalSection
	GlobalSection(ExtensibilityGlobals) = postSolution
		SolutionGuid = {1A0E0A17-D381-438C-AB82-FA941E7BE78B}
	EndGlobalSection
EndGlobal
