
Microsoft Visual Studio Solution File, Format Version 12.00
# Visual Studio Version 17
VisualStudioVersion = 17.3.32929.385
MinimumVisualStudioVersion = 10.0.40219.1
Project("{FAE04EC0-301F-11D3-BF4B-00C04F79EFBC}") = "WindowsLoops-Vectores", "WindowsLoops-Vectores\WindowsLoops-Vectores.csproj", "{7A36D7E8-2750-4B04-94F5-28593D9AD845}"
EndProject
Global
	GlobalSection(SolutionConfigurationPlatforms) = preSolution
		Debug|Any CPU = Debug|Any CPU
		Release|Any CPU = Release|Any CPU
	EndGlobalSection
	GlobalSection(ProjectConfigurationPlatforms) = postSolution
		{7A36D7E8-2750-4B04-94F5-28593D9AD845}.Debug|Any CPU.ActiveCfg = Debug|Any CPU
		{7A36D7E8-2750-4B04-94F5-28593D9AD845}.Debug|Any CPU.Build.0 = Debug|Any CPU
		{7A36D7E8-2750-4B04-94F5-28593D9AD845}.Release|Any CPU.ActiveCfg = Release|Any CPU
		{7A36D7E8-2750-4B04-94F5-28593D9AD845}.Release|Any CPU.Build.0 = Release|Any CPU
	EndGlobalSection
	GlobalSection(SolutionProperties) = preSolution
		HideSolutionNode = FALSE
	EndGlobalSection
	GlobalSection(ExtensibilityGlobals) = postSolution
		SolutionGuid = {FF848719-9C3D-490A-A229-9627D7021F5C}
	EndGlobalSection
EndGlobal
