
Microsoft Visual Studio Solution File, Format Version 12.00
# Visual Studio Version 17
VisualStudioVersion = 17.2.32516.85
MinimumVisualStudioVersion = 10.0.40219.1
Project("{FAE04EC0-301F-11D3-BF4B-00C04F79EFBC}") = "WindowsTransporte", "WindowsTransporte\WindowsTransporte.csproj", "{6F0DAD33-FA46-4A49-A6AF-A863112BB34B}"
EndProject
Project("{FAE04EC0-301F-11D3-BF4B-00C04F79EFBC}") = "Models", "Models\Models.csproj", "{5DDF4504-8824-4098-8AF4-39FF86FEB90B}"
EndProject
Global
	GlobalSection(SolutionConfigurationPlatforms) = preSolution
		Debug|Any CPU = Debug|Any CPU
		Release|Any CPU = Release|Any CPU
	EndGlobalSection
	GlobalSection(ProjectConfigurationPlatforms) = postSolution
		{6F0DAD33-FA46-4A49-A6AF-A863112BB34B}.Debug|Any CPU.ActiveCfg = Debug|Any CPU
		{6F0DAD33-FA46-4A49-A6AF-A863112BB34B}.Debug|Any CPU.Build.0 = Debug|Any CPU
		{6F0DAD33-FA46-4A49-A6AF-A863112BB34B}.Release|Any CPU.ActiveCfg = Release|Any CPU
		{6F0DAD33-FA46-4A49-A6AF-A863112BB34B}.Release|Any CPU.Build.0 = Release|Any CPU
		{5DDF4504-8824-4098-8AF4-39FF86FEB90B}.Debug|Any CPU.ActiveCfg = Debug|Any CPU
		{5DDF4504-8824-4098-8AF4-39FF86FEB90B}.Debug|Any CPU.Build.0 = Debug|Any CPU
		{5DDF4504-8824-4098-8AF4-39FF86FEB90B}.Release|Any CPU.ActiveCfg = Release|Any CPU
		{5DDF4504-8824-4098-8AF4-39FF86FEB90B}.Release|Any CPU.Build.0 = Release|Any CPU
	EndGlobalSection
	GlobalSection(SolutionProperties) = preSolution
		HideSolutionNode = FALSE
	EndGlobalSection
	GlobalSection(ExtensibilityGlobals) = postSolution
		SolutionGuid = {4CF5E510-01E7-4BC6-A1FE-B28E5FA28515}
	EndGlobalSection
EndGlobal
