
Microsoft Visual Studio Solution File, Format Version 12.00
# Visual Studio Version 17
VisualStudioVersion = 17.3.32929.385
MinimumVisualStudioVersion = 10.0.40219.1
Project("{FAE04EC0-301F-11D3-BF4B-00C04F79EFBC}") = "SistemaTransporteWeb", "SistemaTransporteWeb\SistemaTransporteWeb.csproj", "{F249AE7E-1BD2-4EAB-8534-7E98452C694A}"
EndProject
Global
	GlobalSection(SolutionConfigurationPlatforms) = preSolution
		Debug|Any CPU = Debug|Any CPU
		Release|Any CPU = Release|Any CPU
	EndGlobalSection
	GlobalSection(ProjectConfigurationPlatforms) = postSolution
		{F249AE7E-1BD2-4EAB-8534-7E98452C694A}.Debug|Any CPU.ActiveCfg = Debug|Any CPU
		{F249AE7E-1BD2-4EAB-8534-7E98452C694A}.Debug|Any CPU.Build.0 = Debug|Any CPU
		{F249AE7E-1BD2-4EAB-8534-7E98452C694A}.Release|Any CPU.ActiveCfg = Release|Any CPU
		{F249AE7E-1BD2-4EAB-8534-7E98452C694A}.Release|Any CPU.Build.0 = Release|Any CPU
	EndGlobalSection
	GlobalSection(SolutionProperties) = preSolution
		HideSolutionNode = FALSE
	EndGlobalSection
	GlobalSection(ExtensibilityGlobals) = postSolution
		SolutionGuid = {EA3F39FB-1262-4A88-B129-D99D837DE396}
	EndGlobalSection
EndGlobal
