
Microsoft Visual Studio Solution File, Format Version 12.00
# Visual Studio Version 17
VisualStudioVersion = 17.3.32929.385
MinimumVisualStudioVersion = 10.0.40219.1
Project("{FAE04EC0-301F-11D3-BF4B-00C04F79EFBC}") = "Entidades", "Entidades\Entidades.csproj", "{6679520E-4363-4C73-B2F7-585F8A8759E8}"
EndProject
Project("{FAE04EC0-301F-11D3-BF4B-00C04F79EFBC}") = "WindowsPresentacion", "WindowsPresentacion\WindowsPresentacion.csproj", "{5FB41F0A-280A-47A5-B687-7D527334A7C1}"
EndProject
Global
	GlobalSection(SolutionConfigurationPlatforms) = preSolution
		Debug|Any CPU = Debug|Any CPU
		Release|Any CPU = Release|Any CPU
	EndGlobalSection
	GlobalSection(ProjectConfigurationPlatforms) = postSolution
		{6679520E-4363-4C73-B2F7-585F8A8759E8}.Debug|Any CPU.ActiveCfg = Debug|Any CPU
		{6679520E-4363-4C73-B2F7-585F8A8759E8}.Debug|Any CPU.Build.0 = Debug|Any CPU
		{6679520E-4363-4C73-B2F7-585F8A8759E8}.Release|Any CPU.ActiveCfg = Release|Any CPU
		{6679520E-4363-4C73-B2F7-585F8A8759E8}.Release|Any CPU.Build.0 = Release|Any CPU
		{5FB41F0A-280A-47A5-B687-7D527334A7C1}.Debug|Any CPU.ActiveCfg = Debug|Any CPU
		{5FB41F0A-280A-47A5-B687-7D527334A7C1}.Debug|Any CPU.Build.0 = Debug|Any CPU
		{5FB41F0A-280A-47A5-B687-7D527334A7C1}.Release|Any CPU.ActiveCfg = Release|Any CPU
		{5FB41F0A-280A-47A5-B687-7D527334A7C1}.Release|Any CPU.Build.0 = Release|Any CPU
	EndGlobalSection
	GlobalSection(SolutionProperties) = preSolution
		HideSolutionNode = FALSE
	EndGlobalSection
	GlobalSection(ExtensibilityGlobals) = postSolution
		SolutionGuid = {8E941AE4-CA69-426A-B9BA-5B35850B0A00}
	EndGlobalSection
EndGlobal
