
Microsoft Visual Studio Solution File, Format Version 12.00
# Visual Studio Version 16
VisualStudioVersion = 16.0.32929.386
MinimumVisualStudioVersion = 10.0.40219.1
Project("{FAE04EC0-301F-11D3-BF4B-00C04F79EFBC}") = "WebPasajeros", "WebPasajeros\WebPasajeros.csproj", "{5D6001BB-4BAD-4FF0-A26D-17BB1665076F}"
EndProject
Global
	GlobalSection(SolutionConfigurationPlatforms) = preSolution
		Debug|Any CPU = Debug|Any CPU
		Release|Any CPU = Release|Any CPU
	EndGlobalSection
	GlobalSection(ProjectConfigurationPlatforms) = postSolution
		{5D6001BB-4BAD-4FF0-A26D-17BB1665076F}.Debug|Any CPU.ActiveCfg = Debug|Any CPU
		{5D6001BB-4BAD-4FF0-A26D-17BB1665076F}.Debug|Any CPU.Build.0 = Debug|Any CPU
		{5D6001BB-4BAD-4FF0-A26D-17BB1665076F}.Release|Any CPU.ActiveCfg = Release|Any CPU
		{5D6001BB-4BAD-4FF0-A26D-17BB1665076F}.Release|Any CPU.Build.0 = Release|Any CPU
	EndGlobalSection
	GlobalSection(SolutionProperties) = preSolution
		HideSolutionNode = FALSE
	EndGlobalSection
	GlobalSection(ExtensibilityGlobals) = postSolution
		SolutionGuid = {C0E5AB44-1F11-4BE6-B72F-C894AC5829C1}
	EndGlobalSection
EndGlobal
