
Microsoft Visual Studio Solution File, Format Version 12.00
# Visual Studio Version 17
VisualStudioVersion = 17.3.32929.385
MinimumVisualStudioVersion = 10.0.40219.1
Project("{FAE04EC0-301F-11D3-BF4B-00C04F79EFBC}") = "Marcos_Escandon_Casting", "Marcos_Escandon_Casting\Marcos_Escandon_Casting.csproj", "{CDBF38BB-6CCC-4154-B4AB-C78E1445FCC8}"
EndProject
Global
	GlobalSection(SolutionConfigurationPlatforms) = preSolution
		Debug|Any CPU = Debug|Any CPU
		Release|Any CPU = Release|Any CPU
	EndGlobalSection
	GlobalSection(ProjectConfigurationPlatforms) = postSolution
		{CDBF38BB-6CCC-4154-B4AB-C78E1445FCC8}.Debug|Any CPU.ActiveCfg = Debug|Any CPU
		{CDBF38BB-6CCC-4154-B4AB-C78E1445FCC8}.Debug|Any CPU.Build.0 = Debug|Any CPU
		{CDBF38BB-6CCC-4154-B4AB-C78E1445FCC8}.Release|Any CPU.ActiveCfg = Release|Any CPU
		{CDBF38BB-6CCC-4154-B4AB-C78E1445FCC8}.Release|Any CPU.Build.0 = Release|Any CPU
	EndGlobalSection
	GlobalSection(SolutionProperties) = preSolution
		HideSolutionNode = FALSE
	EndGlobalSection
	GlobalSection(ExtensibilityGlobals) = postSolution
		SolutionGuid = {F3B82BBC-32F7-4AA2-AF56-3AC6543FC2AC}
	EndGlobalSection
EndGlobal
