
Microsoft Visual Studio Solution File, Format Version 12.00
# Visual Studio Version 17
VisualStudioVersion = 17.3.32929.385
MinimumVisualStudioVersion = 10.0.40219.1
Project("{FAE04EC0-301F-11D3-BF4B-00C04F79EFBC}") = "SistemaWebEmpleado", "SistemaWebEmpleado\SistemaWebEmpleado.csproj", "{6FD07E94-1159-4E4F-9B3F-5801AC5E43F2}"
EndProject
Global
	GlobalSection(SolutionConfigurationPlatforms) = preSolution
		Debug|Any CPU = Debug|Any CPU
		Release|Any CPU = Release|Any CPU
	EndGlobalSection
	GlobalSection(ProjectConfigurationPlatforms) = postSolution
		{6FD07E94-1159-4E4F-9B3F-5801AC5E43F2}.Debug|Any CPU.ActiveCfg = Debug|Any CPU
		{6FD07E94-1159-4E4F-9B3F-5801AC5E43F2}.Debug|Any CPU.Build.0 = Debug|Any CPU
		{6FD07E94-1159-4E4F-9B3F-5801AC5E43F2}.Release|Any CPU.ActiveCfg = Release|Any CPU
		{6FD07E94-1159-4E4F-9B3F-5801AC5E43F2}.Release|Any CPU.Build.0 = Release|Any CPU
	EndGlobalSection
	GlobalSection(SolutionProperties) = preSolution
		HideSolutionNode = FALSE
	EndGlobalSection
	GlobalSection(ExtensibilityGlobals) = postSolution
		SolutionGuid = {EC59AFBA-28E5-45C6-9720-499C3518EE06}
	EndGlobalSection
EndGlobal
