
Microsoft Visual Studio Solution File, Format Version 12.00
# Visual Studio Version 17
VisualStudioVersion = 17.3.32929.385
MinimumVisualStudioVersion = 10.0.40219.1
Project("{FAE04EC0-301F-11D3-BF4B-00C04F79EFBC}") = "WindowsAppNorthwind", "WindowsAppNorthwind\WindowsAppNorthwind.csproj", "{FC9E9A4F-E36E-4E17-ACA0-5446C78839B4}"
EndProject
Project("{FAE04EC0-301F-11D3-BF4B-00C04F79EFBC}") = "WindowsAppPubs", "Pubs\WindowsAppPubs.csproj", "{6EDFC8EB-F4B4-4196-9F1B-4F56A90F51C6}"
EndProject
Global
	GlobalSection(SolutionConfigurationPlatforms) = preSolution
		Debug|Any CPU = Debug|Any CPU
		Release|Any CPU = Release|Any CPU
	EndGlobalSection
	GlobalSection(ProjectConfigurationPlatforms) = postSolution
		{FC9E9A4F-E36E-4E17-ACA0-5446C78839B4}.Debug|Any CPU.ActiveCfg = Debug|Any CPU
		{FC9E9A4F-E36E-4E17-ACA0-5446C78839B4}.Debug|Any CPU.Build.0 = Debug|Any CPU
		{FC9E9A4F-E36E-4E17-ACA0-5446C78839B4}.Release|Any CPU.ActiveCfg = Release|Any CPU
		{FC9E9A4F-E36E-4E17-ACA0-5446C78839B4}.Release|Any CPU.Build.0 = Release|Any CPU
		{6EDFC8EB-F4B4-4196-9F1B-4F56A90F51C6}.Debug|Any CPU.ActiveCfg = Debug|Any CPU
		{6EDFC8EB-F4B4-4196-9F1B-4F56A90F51C6}.Debug|Any CPU.Build.0 = Debug|Any CPU
		{6EDFC8EB-F4B4-4196-9F1B-4F56A90F51C6}.Release|Any CPU.ActiveCfg = Release|Any CPU
		{6EDFC8EB-F4B4-4196-9F1B-4F56A90F51C6}.Release|Any CPU.Build.0 = Release|Any CPU
	EndGlobalSection
	GlobalSection(SolutionProperties) = preSolution
		HideSolutionNode = FALSE
	EndGlobalSection
	GlobalSection(ExtensibilityGlobals) = postSolution
		SolutionGuid = {DA4946E2-F32B-4125-851B-77B0B77A8769}
	EndGlobalSection
EndGlobal
