
Microsoft Visual Studio Solution File, Format Version 12.00
# Visual Studio Version 17
VisualStudioVersion = 17.3.32929.385
MinimumVisualStudioVersion = 10.0.40219.1
Project("{FAE04EC0-301F-11D3-BF4B-00C04F79EFBC}") = "WindowsPresentacion", "WindowsPresentacion\WindowsPresentacion.csproj", "{9409AFC8-B773-4CC5-992F-1A25B385968E}"
EndProject
Project("{FAE04EC0-301F-11D3-BF4B-00C04F79EFBC}") = "Entidades", "Entidades\Entidades.csproj", "{A8E521A9-A33B-48C7-BF66-2ECF9807ABE0}"
EndProject
Project("{FAE04EC0-301F-11D3-BF4B-00C04F79EFBC}") = "Datos", "Datos\Datos.csproj", "{633FF430-6738-49E7-8F6D-661FD2763CFF}"
EndProject
Project("{FAE04EC0-301F-11D3-BF4B-00C04F79EFBC}") = "Negocio", "Negocio\Negocio.csproj", "{AA8E15E8-95F6-47C0-BF0D-F4C9BA54B546}"
EndProject
Global
	GlobalSection(SolutionConfigurationPlatforms) = preSolution
		Debug|Any CPU = Debug|Any CPU
		Release|Any CPU = Release|Any CPU
	EndGlobalSection
	GlobalSection(ProjectConfigurationPlatforms) = postSolution
		{9409AFC8-B773-4CC5-992F-1A25B385968E}.Debug|Any CPU.ActiveCfg = Debug|Any CPU
		{9409AFC8-B773-4CC5-992F-1A25B385968E}.Debug|Any CPU.Build.0 = Debug|Any CPU
		{9409AFC8-B773-4CC5-992F-1A25B385968E}.Release|Any CPU.ActiveCfg = Release|Any CPU
		{9409AFC8-B773-4CC5-992F-1A25B385968E}.Release|Any CPU.Build.0 = Release|Any CPU
		{A8E521A9-A33B-48C7-BF66-2ECF9807ABE0}.Debug|Any CPU.ActiveCfg = Debug|Any CPU
		{A8E521A9-A33B-48C7-BF66-2ECF9807ABE0}.Debug|Any CPU.Build.0 = Debug|Any CPU
		{A8E521A9-A33B-48C7-BF66-2ECF9807ABE0}.Release|Any CPU.ActiveCfg = Release|Any CPU
		{A8E521A9-A33B-48C7-BF66-2ECF9807ABE0}.Release|Any CPU.Build.0 = Release|Any CPU
		{633FF430-6738-49E7-8F6D-661FD2763CFF}.Debug|Any CPU.ActiveCfg = Debug|Any CPU
		{633FF430-6738-49E7-8F6D-661FD2763CFF}.Debug|Any CPU.Build.0 = Debug|Any CPU
		{633FF430-6738-49E7-8F6D-661FD2763CFF}.Release|Any CPU.ActiveCfg = Release|Any CPU
		{633FF430-6738-49E7-8F6D-661FD2763CFF}.Release|Any CPU.Build.0 = Release|Any CPU
		{AA8E15E8-95F6-47C0-BF0D-F4C9BA54B546}.Debug|Any CPU.ActiveCfg = Debug|Any CPU
		{AA8E15E8-95F6-47C0-BF0D-F4C9BA54B546}.Debug|Any CPU.Build.0 = Debug|Any CPU
		{AA8E15E8-95F6-47C0-BF0D-F4C9BA54B546}.Release|Any CPU.ActiveCfg = Release|Any CPU
		{AA8E15E8-95F6-47C0-BF0D-F4C9BA54B546}.Release|Any CPU.Build.0 = Release|Any CPU
	EndGlobalSection
	GlobalSection(SolutionProperties) = preSolution
		HideSolutionNode = FALSE
	EndGlobalSection
	GlobalSection(ExtensibilityGlobals) = postSolution
		SolutionGuid = {AF0B82D9-A2BA-4870-94C0-B6136E035981}
	EndGlobalSection
EndGlobal
